
Microsoft Visual Studio Solution File, Format Version 12.00
# Visual Studio Version 16
VisualStudioVersion = 25.0.1706.6
MinimumVisualStudioVersion = 10.0.40219.1
Project("{FAE04EC0-301F-11D3-BF4B-00C04F79EFBC}") = "MazeChallenge.API", "MazeChallenge.API\MazeChallenge.API.csproj", "{E6A73F3E-91DF-47CE-9B9D-22C93AB7CE74}"
EndProject
Project("{FAE04EC0-301F-11D3-BF4B-00C04F79EFBC}") = "MazeChallenge.Domain", "MazeChallenge.Domain\MazeChallenge.Domain.csproj", "{0DF663A2-4929-42F2-B2B5-E9E0075A6EC3}"
EndProject
Global
	GlobalSection(SolutionConfigurationPlatforms) = preSolution
		Debug|Any CPU = Debug|Any CPU
		Release|Any CPU = Release|Any CPU
	EndGlobalSection
	GlobalSection(ProjectConfigurationPlatforms) = postSolution
		{E6A73F3E-91DF-47CE-9B9D-22C93AB7CE74}.Debug|Any CPU.ActiveCfg = Debug|Any CPU
		{E6A73F3E-91DF-47CE-9B9D-22C93AB7CE74}.Debug|Any CPU.Build.0 = Debug|Any CPU
		{E6A73F3E-91DF-47CE-9B9D-22C93AB7CE74}.Release|Any CPU.ActiveCfg = Release|Any CPU
		{E6A73F3E-91DF-47CE-9B9D-22C93AB7CE74}.Release|Any CPU.Build.0 = Release|Any CPU
		{0DF663A2-4929-42F2-B2B5-E9E0075A6EC3}.Debug|Any CPU.ActiveCfg = Debug|Any CPU
		{0DF663A2-4929-42F2-B2B5-E9E0075A6EC3}.Debug|Any CPU.Build.0 = Debug|Any CPU
		{0DF663A2-4929-42F2-B2B5-E9E0075A6EC3}.Release|Any CPU.ActiveCfg = Release|Any CPU
		{0DF663A2-4929-42F2-B2B5-E9E0075A6EC3}.Release|Any CPU.Build.0 = Release|Any CPU
	EndGlobalSection
	GlobalSection(SolutionProperties) = preSolution
		HideSolutionNode = FALSE
	EndGlobalSection
	GlobalSection(ExtensibilityGlobals) = postSolution
		SolutionGuid = {7C79085A-1A2C-44B8-ACE3-DED9AC16ADA2}
	EndGlobalSection
EndGlobal
